
Microsoft Visual Studio Solution File, Format Version 12.00
# Visual Studio 2013
VisualStudioVersion = 12.0.40629.0
MinimumVisualStudioVersion = 10.0.40219.1
Project("{FAE04EC0-301F-11D3-BF4B-00C04F79EFBC}") = "ProtoBufDemo", "ProtoBufDemo\ProtoBufDemo.csproj", "{366A126B-AB5A-454F-B3A2-D777B82813AE}"
EndProject
Project("{FAE04EC0-301F-11D3-BF4B-00C04F79EFBC}") = "Common", "Common\Common.csproj", "{0658E06B-6ED1-41D2-9E29-9D9241D684F6}"
EndProject
Global
	GlobalSection(SolutionConfigurationPlatforms) = preSolution
		Debug|Any CPU = Debug|Any CPU
		Release|Any CPU = Release|Any CPU
	EndGlobalSection
	GlobalSection(ProjectConfigurationPlatforms) = postSolution
		{366A126B-AB5A-454F-B3A2-D777B82813AE}.Debug|Any CPU.ActiveCfg = Debug|Any CPU
		{366A126B-AB5A-454F-B3A2-D777B82813AE}.Debug|Any CPU.Build.0 = Debug|Any CPU
		{366A126B-AB5A-454F-B3A2-D777B82813AE}.Release|Any CPU.ActiveCfg = Release|Any CPU
		{366A126B-AB5A-454F-B3A2-D777B82813AE}.Release|Any CPU.Build.0 = Release|Any CPU
		{0658E06B-6ED1-41D2-9E29-9D9241D684F6}.Debug|Any CPU.ActiveCfg = Debug|Any CPU
		{0658E06B-6ED1-41D2-9E29-9D9241D684F6}.Debug|Any CPU.Build.0 = Debug|Any CPU
		{0658E06B-6ED1-41D2-9E29-9D9241D684F6}.Release|Any CPU.ActiveCfg = Release|Any CPU
		{0658E06B-6ED1-41D2-9E29-9D9241D684F6}.Release|Any CPU.Build.0 = Release|Any CPU
	EndGlobalSection
	GlobalSection(SolutionProperties) = preSolution
		HideSolutionNode = FALSE
	EndGlobalSection
EndGlobal
